// !$*UTF8*$!
{
	archiveVersion = 1;
	classes = {
	};
	objectVersion = 77;
	objects = {

/* Begin PBXBuildFile section */
		6ECFED2A3059289100CEADF2 /* AppDelegate.swift in Sources */ = {isa = PBXBuildFile; fileRef = 6ECFED293059289100CEADF2 /* AppDelegate.swift */; };
		6ECFED2E3059289100CEADF2 /* Main.html in Resources */ = {isa = PBXBuildFile; fileRef = 6ECFED2C3059289100CEADF2 /* Main.html */; };
		6ECFED303059289100CEADF2 /* Icon.png in Resources */ = {isa = PBXBuildFile; fileRef = 6ECFED2F3059289100CEADF2 /* Icon.png */; };
		6ECFED323059289100CEADF2 /* Style.css in Resources */ = {isa = PBXBuildFile; fileRef = 6ECFED313059289100CEADF2 /* Style.css */; };
		6ECFED343059289100CEADF2 /* Script.js in Resources */ = {isa = PBXBuildFile; fileRef = 6ECFED333059289100CEADF2 /* Script.js */; };
		6ECFED363059289100CEADF2 /* ViewController.swift in Sources */ = {isa = PBXBuildFile; fileRef = 6ECFED353059289100CEADF2 /* ViewController.swift */; };
		6ECFED393059289100CEADF2 /* Main.storyboard in Resources */ = {isa = PBXBuildFile; fileRef = 6ECFED373059289100CEADF2 /* Main.storyboard */; };
		6ECFED3B3059289200CEADF2 /* Assets.xcassets in Resources */ = {isa = PBXBuildFile; fileRef = 6ECFED3A3059289200CEADF2 /* Assets.xcassets */; };
		6ECFED423059289300CEADF2 /* VerseVibe Extension.appex in Embed Foundation Extensions */ = {isa = PBXBuildFile; fileRef = 6ECFED413059289300CEADF2 /* VerseVibe Extension.appex */; settings = {ATTRIBUTES = (RemoveHeadersOnCopy, ); }; };
		6ECFED473059289300CEADF2 /* SafariWebExtensionHandler.swift in Sources */ = {isa = PBXBuildFile; fileRef = 6ECFED463059289300CEADF2 /* SafariWebExtensionHandler.swift */; };
		6ECFED633059289300CEADF2 /* imageviewer.html in Resources */ = {isa = PBXBuildFile; fileRef = 6ECFED533059289300CEADF2 /* imageviewer.html */; };
		6ECFED643059289300CEADF2 /* favicon.ico in Resources */ = {isa = PBXBuildFile; fileRef = 6ECFED543059289300CEADF2 /* favicon.ico */; };
		6ECFED653059289300CEADF2 /* offscreen.html in Resources */ = {isa = PBXBuildFile; fileRef = 6ECFED553059289300CEADF2 /* offscreen.html */; };
		6ECFED663059289300CEADF2 /* background.js in Resources */ = {isa = PBXBuildFile; fileRef = 6ECFED563059289300CEADF2 /* background.js */; };
		6ECFED673059289300CEADF2 /* pdfreader.html in Resources */ = {isa = PBXBuildFile; fileRef = 6ECFED573059289300CEADF2 /* pdfreader.html */; };
		6ECFED683059289300CEADF2 /* dashboard-assets in Resources */ = {isa = PBXBuildFile; fileRef = 6ECFED583059289300CEADF2 /* dashboard-assets */; };
		6ECFED693059289300CEADF2 /* newtab.html in Resources */ = {isa = PBXBuildFile; fileRef = 6ECFED593059289300CEADF2 /* newtab.html */; };
		6ECFED6A3059289300CEADF2 /* chunks in Resources */ = {isa = PBXBuildFile; fileRef = 6ECFED5A3059289300CEADF2 /* chunks */; };
		6ECFED6B3059289300CEADF2 /* content-scripts in Resources */ = {isa = PBXBuildFile; fileRef = 6ECFED5B3059289300CEADF2 /* content-scripts */; };
		6ECFED6C3059289300CEADF2 /* manifest.json in Resources */ = {isa = PBXBuildFile; fileRef = 6ECFED5C3059289300CEADF2 /* manifest.json */; };
		6ECFED6D3059289300CEADF2 /* debug.html in Resources */ = {isa = PBXBuildFile; fileRef = 6ECFED5D3059289300CEADF2 /* debug.html */; };
		6ECFED6E3059289300CEADF2 /* sidepanel.html in Resources */ = {isa = PBXBuildFile; fileRef = 6ECFED5E3059289300CEADF2 /* sidepanel.html */; };
		6ECFED6F3059289300CEADF2 /* icon in Resources */ = {isa = PBXBuildFile; fileRef = 6ECFED5F3059289300CEADF2 /* icon */; };
		6ECFED703059289300CEADF2 /* settings.html in Resources */ = {isa = PBXBuildFile; fileRef = 6ECFED603059289300CEADF2 /* settings.html */; };
		6ECFED713059289300CEADF2 /* assets in Resources */ = {isa = PBXBuildFile; fileRef = 6ECFED613059289300CEADF2 /* assets */; };
		6ECFED723059289300CEADF2 /* debug.js in Resources */ = {isa = PBXBuildFile; fileRef = 6ECFED623059289300CEADF2 /* debug.js */; };
/* End PBXBuildFile section */

/* Begin PBXContainerItemProxy section */
		6ECFED433059289300CEADF2 /* PBXContainerItemProxy */ = {
			isa = PBXContainerItemProxy;
			containerPortal = 6ECFED1E3059289100CEADF2 /* Project object */;
			proxyType = 1;
			remoteGlobalIDString = 6ECFED403059289300CEADF2;
			remoteInfo = "VerseVibe Extension";
		};
/* End PBXContainerItemProxy section */

/* Begin PBXCopyFilesBuildPhase section */
		6ECFED4E3059289300CEADF2 /* Embed Foundation Extensions */ = {
			isa = PBXCopyFilesBuildPhase;
			buildActionMask = 2147483647;
			dstPath = "";
			dstSubfolderSpec = 13;
			files = (
				6ECFED423059289300CEADF2 /* VerseVibe Extension.appex in Embed Foundation Extensions */,
			);
			name = "Embed Foundation Extensions";
			runOnlyForDeploymentPostprocessing = 0;
		};
/* End PBXCopyFilesBuildPhase section */

/* Begin PBXFileReference section */
		6ECFED263059289100CEADF2 /* VerseVibe.app */ = {isa = PBXFileReference; explicitFileType = wrapper.application; includeInIndex = 0; path = VerseVibe.app; sourceTree = BUILT_PRODUCTS_DIR; };
		6ECFED293059289100CEADF2 /* AppDelegate.swift */ = {isa = PBXFileReference; lastKnownFileType = sourcecode.swift; path = AppDelegate.swift; sourceTree = "<group>"; };
		6ECFED2D3059289100CEADF2 /* Base */ = {isa = PBXFileReference; lastKnownFileType = text.html; name = Base; path = Base.lproj/Main.html; sourceTree = "<group>"; };
		6ECFED2F3059289100CEADF2 /* Icon.png */ = {isa = PBXFileReference; lastKnownFileType = image.png; path = Icon.png; sourceTree = "<group>"; };
		6ECFED313059289100CEADF2 /* Style.css */ = {isa = PBXFileReference; lastKnownFileType = text.css; path = Style.css; sourceTree = "<group>"; };
		6ECFED333059289100CEADF2 /* Script.js */ = {isa = PBXFileReference; lastKnownFileType = sourcecode.javascript; path = Script.js; sourceTree = "<group>"; };
		6ECFED353059289100CEADF2 /* ViewController.swift */ = {isa = PBXFileReference; lastKnownFileType = sourcecode.swift; path = ViewController.swift; sourceTree = "<group>"; };
		6ECFED383059289100CEADF2 /* Base */ = {isa = PBXFileReference; lastKnownFileType = file.storyboard; name = Base; path = Base.lproj/Main.storyboard; sourceTree = "<group>"; };
		6ECFED3A3059289200CEADF2 /* Assets.xcassets */ = {isa = PBXFileReference; lastKnownFileType = folder.assetcatalog; path = Assets.xcassets; sourceTree = "<group>"; };
		6ECFED3C3059289200CEADF2 /* Info.plist */ = {isa = PBXFileReference; lastKnownFileType = text.plist.xml; path = Info.plist; sourceTree = "<group>"; };
		6ECFED413059289300CEADF2 /* VerseVibe Extension.appex */ = {isa = PBXFileReference; explicitFileType = "wrapper.app-extension"; includeInIndex = 0; path = "VerseVibe Extension.appex"; sourceTree = BUILT_PRODUCTS_DIR; };
		6ECFED463059289300CEADF2 /* SafariWebExtensionHandler.swift */ = {isa = PBXFileReference; lastKnownFileType = sourcecode.swift; path = SafariWebExtensionHandler.swift; sourceTree = "<group>"; };
		6ECFED483059289300CEADF2 /* Info.plist */ = {isa = PBXFileReference; lastKnownFileType = text.plist.xml; path = Info.plist; sourceTree = "<group>"; };
		6ECFED533059289300CEADF2 /* imageviewer.html */ = {isa = PBXFileReference; lastKnownFileType = text.html; name = imageviewer.html; path = "../../../dist/safari-mv3/imageviewer.html"; sourceTree = "<group>"; };
		6ECFED543059289300CEADF2 /* favicon.ico */ = {isa = PBXFileReference; lastKnownFileType = image.ico; name = favicon.ico; path = "../../../dist/safari-mv3/favicon.ico"; sourceTree = "<group>"; };
		6ECFED553059289300CEADF2 /* offscreen.html */ = {isa = PBXFileReference; lastKnownFileType = text.html; name = offscreen.html; path = "../../../dist/safari-mv3/offscreen.html"; sourceTree = "<group>"; };
		6ECFED563059289300CEADF2 /* background.js */ = {isa = PBXFileReference; lastKnownFileType = sourcecode.javascript; name = background.js; path = "../../../dist/safari-mv3/background.js"; sourceTree = "<group>"; };
		6ECFED573059289300CEADF2 /* pdfreader.html */ = {isa = PBXFileReference; lastKnownFileType = text.html; name = pdfreader.html; path = "../../../dist/safari-mv3/pdfreader.html"; sourceTree = "<group>"; };
		6ECFED583059289300CEADF2 /* dashboard-assets */ = {isa = PBXFileReference; lastKnownFileType = folder; name = "dashboard-assets"; path = "../../../dist/safari-mv3/dashboard-assets"; sourceTree = "<group>"; };
		6ECFED593059289300CEADF2 /* newtab.html */ = {isa = PBXFileReference; lastKnownFileType = text.html; name = newtab.html; path = "../../../dist/safari-mv3/newtab.html"; sourceTree = "<group>"; };
		6ECFED5A3059289300CEADF2 /* chunks */ = {isa = PBXFileReference; lastKnownFileType = folder; name = chunks; path = "../../../dist/safari-mv3/chunks"; sourceTree = "<group>"; };
		6ECFED5B3059289300CEADF2 /* content-scripts */ = {isa = PBXFileReference; lastKnownFileType = folder; name = "content-scripts"; path = "../../../dist/safari-mv3/content-scripts"; sourceTree = "<group>"; };
		6ECFED5C3059289300CEADF2 /* manifest.json */ = {isa = PBXFileReference; lastKnownFileType = text.json; name = manifest.json; path = "../../../dist/safari-mv3/manifest.json"; sourceTree = "<group>"; };
		6ECFED5D3059289300CEADF2 /* debug.html */ = {isa = PBXFileReference; lastKnownFileType = text.html; name = debug.html; path = "../../../dist/safari-mv3/debug.html"; sourceTree = "<group>"; };
		6ECFED5E3059289300CEADF2 /* sidepanel.html */ = {isa = PBXFileReference; lastKnownFileType = text.html; name = sidepanel.html; path = "../../../dist/safari-mv3/sidepanel.html"; sourceTree = "<group>"; };
		6ECFED5F3059289300CEADF2 /* icon */ = {isa = PBXFileReference; lastKnownFileType = folder; name = icon; path = "../../../dist/safari-mv3/icon"; sourceTree = "<group>"; };
		6ECFED603059289300CEADF2 /* settings.html */ = {isa = PBXFileReference; lastKnownFileType = text.html; name = settings.html; path = "../../../dist/safari-mv3/settings.html"; sourceTree = "<group>"; };
		6ECFED613059289300CEADF2 /* assets */ = {isa = PBXFileReference; lastKnownFileType = folder; name = assets; path = "../../../dist/safari-mv3/assets"; sourceTree = "<group>"; };
		6ECFED623059289300CEADF2 /* debug.js */ = {isa = PBXFileReference; lastKnownFileType = sourcecode.javascript; name = debug.js; path = "../../../dist/safari-mv3/debug.js"; sourceTree = "<group>"; };
/* End PBXFileReference section */

/* Begin PBXFrameworksBuildPhase section */
		6ECFED233059289100CEADF2 /* Frameworks */ = {
			isa = PBXFrameworksBuildPhase;
			buildActionMask = 2147483647;
			files = (
			);
			runOnlyForDeploymentPostprocessing = 0;
		};
		6ECFED3E3059289300CEADF2 /* Frameworks */ = {
			isa = PBXFrameworksBuildPhase;
			buildActionMask = 2147483647;
			files = (
			);
			runOnlyForDeploymentPostprocessing = 0;
		};
/* End PBXFrameworksBuildPhase section */

/* Begin PBXGroup section */
		6ECFED1D3059289100CEADF2 = {
			isa = PBXGroup;
			children = (
				6ECFED283059289100CEADF2 /* VerseVibe */,
				6ECFED453059289300CEADF2 /* VerseVibe Extension */,
				6ECFED273059289100CEADF2 /* Products */,
			);
			sourceTree = "<group>";
		};
		6ECFED273059289100CEADF2 /* Products */ = {
			isa = PBXGroup;
			children = (
				6ECFED263059289100CEADF2 /* VerseVibe.app */,
				6ECFED413059289300CEADF2 /* VerseVibe Extension.appex */,
			);
			name = Products;
			sourceTree = "<group>";
		};
		6ECFED283059289100CEADF2 /* VerseVibe */ = {
			isa = PBXGroup;
			children = (
				6ECFED293059289100CEADF2 /* AppDelegate.swift */,
				6ECFED353059289100CEADF2 /* ViewController.swift */,
				6ECFED373059289100CEADF2 /* Main.storyboard */,
				6ECFED3A3059289200CEADF2 /* Assets.xcassets */,
				6ECFED3C3059289200CEADF2 /* Info.plist */,
				6ECFED2B3059289100CEADF2 /* Resources */,
			);
			path = VerseVibe;
			sourceTree = "<group>";
		};
		6ECFED2B3059289100CEADF2 /* Resources */ = {
			isa = PBXGroup;
			children = (
				6ECFED2C3059289100CEADF2 /* Main.html */,
				6ECFED2F3059289100CEADF2 /* Icon.png */,
				6ECFED313059289100CEADF2 /* Style.css */,
				6ECFED333059289100CEADF2 /* Script.js */,
			);
			path = Resources;
			sourceTree = "<group>";
		};
		6ECFED453059289300CEADF2 /* VerseVibe Extension */ = {
			isa = PBXGroup;
			children = (
				6ECFED523059289300CEADF2 /* Resources */,
				6ECFED463059289300CEADF2 /* SafariWebExtensionHandler.swift */,
				6ECFED483059289300CEADF2 /* Info.plist */,
			);
			path = "VerseVibe Extension";
			sourceTree = "<group>";
		};
		6ECFED523059289300CEADF2 /* Resources */ = {
			isa = PBXGroup;
			children = (
				6ECFED533059289300CEADF2 /* imageviewer.html */,
				6ECFED543059289300CEADF2 /* favicon.ico */,
				6ECFED553059289300CEADF2 /* offscreen.html */,
				6ECFED563059289300CEADF2 /* background.js */,
				6ECFED573059289300CEADF2 /* pdfreader.html */,
				6ECFED583059289300CEADF2 /* dashboard-assets */,
				6ECFED593059289300CEADF2 /* newtab.html */,
				6ECFED5A3059289300CEADF2 /* chunks */,
				6ECFED5B3059289300CEADF2 /* content-scripts */,
				6ECFED5C3059289300CEADF2 /* manifest.json */,
				6ECFED5D3059289300CEADF2 /* debug.html */,
				6ECFED5E3059289300CEADF2 /* sidepanel.html */,
				6ECFED5F3059289300CEADF2 /* icon */,
				6ECFED603059289300CEADF2 /* settings.html */,
				6ECFED613059289300CEADF2 /* assets */,
				6ECFED623059289300CEADF2 /* debug.js */,
			);
			name = Resources;
			path = "VerseVibe Extension";
			sourceTree = SOURCE_ROOT;
		};
/* End PBXGroup section */

/* Begin PBXNativeTarget section */
		6ECFED253059289100CEADF2 /* VerseVibe */ = {
			isa = PBXNativeTarget;
			buildConfigurationList = 6ECFED4F3059289300CEADF2 /* Build configuration list for PBXNativeTarget "VerseVibe" */;
			buildPhases = (
				6ECFED223059289100CEADF2 /* Sources */,
				6ECFED233059289100CEADF2 /* Frameworks */,
				6ECFED243059289100CEADF2 /* Resources */,
				6ECFED4E3059289300CEADF2 /* Embed Foundation Extensions */,
			);
			buildRules = (
			);
			dependencies = (
				6ECFED443059289300CEADF2 /* PBXTargetDependency */,
			);
			name = VerseVibe;
			packageProductDependencies = (
			);
			productName = VerseVibe;
			productReference = 6ECFED263059289100CEADF2 /* VerseVibe.app */;
			productType = "com.apple.product-type.application";
		};
		6ECFED403059289300CEADF2 /* VerseVibe Extension */ = {
			isa = PBXNativeTarget;
			buildConfigurationList = 6ECFED4B3059289300CEADF2 /* Build configuration list for PBXNativeTarget "VerseVibe Extension" */;
			buildPhases = (
				6ECFED3D3059289300CEADF2 /* Sources */,
				6ECFED3E3059289300CEADF2 /* Frameworks */,
				6ECFED3F3059289300CEADF2 /* Resources */,
			);
			buildRules = (
			);
			dependencies = (
			);
			name = "VerseVibe Extension";
			packageProductDependencies = (
			);
			productName = "VerseVibe Extension";
			productReference = 6ECFED413059289300CEADF2 /* VerseVibe Extension.appex */;
			productType = "com.apple.product-type.app-extension";
		};
/* End PBXNativeTarget section */

/* Begin PBXProject section */
		6ECFED1E3059289100CEADF2 /* Project object */ = {
			isa = PBXProject;
			attributes = {
				BuildIndependentTargetsInParallel = 1;
				LastSwiftUpdateCheck = 2620;
				LastUpgradeCheck = 2620;
				TargetAttributes = {
					6ECFED253059289100CEADF2 = {
						CreatedOnToolsVersion = 26.2;
					};
					6ECFED403059289300CEADF2 = {
						CreatedOnToolsVersion = 26.2;
					};
				};
			};
			buildConfigurationList = 6ECFED213059289100CEADF2 /* Build configuration list for PBXProject "VerseVibe" */;
			developmentRegion = en;
			hasScannedForEncodings = 0;
			knownRegions = (
				en,
				Base,
			);
			mainGroup = 6ECFED1D3059289100CEADF2;
			minimizedProjectReferenceProxies = 1;
			preferredProjectObjectVersion = 77;
			productRefGroup = 6ECFED273059289100CEADF2 /* Products */;
			projectDirPath = "";
			projectRoot = "";
			targets = (
				6ECFED253059289100CEADF2 /* VerseVibe */,
				6ECFED403059289300CEADF2 /* VerseVibe Extension */,
			);
		};
/* End PBXProject section */

/* Begin PBXResourcesBuildPhase section */
		6ECFED243059289100CEADF2 /* Resources */ = {
			isa = PBXResourcesBuildPhase;
			buildActionMask = 2147483647;
			files = (
				6ECFED303059289100CEADF2 /* Icon.png in Resources */,
				6ECFED393059289100CEADF2 /* Main.storyboard in Resources */,
				6ECFED343059289100CEADF2 /* Script.js in Resources */,
				6ECFED2E3059289100CEADF2 /* Main.html in Resources */,
				6ECFED3B3059289200CEADF2 /* Assets.xcassets in Resources */,
				6ECFED323059289100CEADF2 /* Style.css in Resources */,
			);
			runOnlyForDeploymentPostprocessing = 0;
		};
		6ECFED3F3059289300CEADF2 /* Resources */ = {
			isa = PBXResourcesBuildPhase;
			buildActionMask = 2147483647;
			files = (
				6ECFED713059289300CEADF2 /* assets in Resources */,
				6ECFED693059289300CEADF2 /* newtab.html in Resources */,
				6ECFED6D3059289300CEADF2 /* debug.html in Resources */,
				6ECFED683059289300CEADF2 /* dashboard-assets in Resources */,
				6ECFED703059289300CEADF2 /* settings.html in Resources */,
				6ECFED6C3059289300CEADF2 /* manifest.json in Resources */,
				6ECFED6A3059289300CEADF2 /* chunks in Resources */,
				6ECFED663059289300CEADF2 /* background.js in Resources */,
				6ECFED673059289300CEADF2 /* pdfreader.html in Resources */,
				6ECFED643059289300CEADF2 /* favicon.ico in Resources */,
				6ECFED723059289300CEADF2 /* debug.js in Resources */,
				6ECFED653059289300CEADF2 /* offscreen.html in Resources */,
				6ECFED6B3059289300CEADF2 /* content-scripts in Resources */,
				6ECFED6E3059289300CEADF2 /* sidepanel.html in Resources */,
				6ECFED6F3059289300CEADF2 /* icon in Resources */,
				6ECFED633059289300CEADF2 /* imageviewer.html in Resources */,
			);
			runOnlyForDeploymentPostprocessing = 0;
		};
/* End PBXResourcesBuildPhase section */

/* Begin PBXSourcesBuildPhase section */
		6ECFED223059289100CEADF2 /* Sources */ = {
			isa = PBXSourcesBuildPhase;
			buildActionMask = 2147483647;
			files = (
				6ECFED363059289100CEADF2 /* ViewController.swift in Sources */,
				6ECFED2A3059289100CEADF2 /* AppDelegate.swift in Sources */,
			);
			runOnlyForDeploymentPostprocessing = 0;
		};
		6ECFED3D3059289300CEADF2 /* Sources */ = {
			isa = PBXSourcesBuildPhase;
			buildActionMask = 2147483647;
			files = (
				6ECFED473059289300CEADF2 /* SafariWebExtensionHandler.swift in Sources */,
			);
			runOnlyForDeploymentPostprocessing = 0;
		};
/* End PBXSourcesBuildPhase section */

/* Begin PBXTargetDependency section */
		6ECFED443059289300CEADF2 /* PBXTargetDependency */ = {
			isa = PBXTargetDependency;
			target = 6ECFED403059289300CEADF2 /* VerseVibe Extension */;
			targetProxy = 6ECFED433059289300CEADF2 /* PBXContainerItemProxy */;
		};
/* End PBXTargetDependency section */

/* Begin PBXVariantGroup section */
		6ECFED2C3059289100CEADF2 /* Main.html */ = {
			isa = PBXVariantGroup;
			children = (
				6ECFED2D3059289100CEADF2 /* Base */,
			);
			name = Main.html;
			sourceTree = "<group>";
		};
		6ECFED373059289100CEADF2 /* Main.storyboard */ = {
			isa = PBXVariantGroup;
			children = (
				6ECFED383059289100CEADF2 /* Base */,
			);
			name = Main.storyboard;
			sourceTree = "<group>";
		};
/* End PBXVariantGroup section */

/* Begin XCBuildConfiguration section */
		6ECFED493059289300CEADF2 /* Debug */ = {
			isa = XCBuildConfiguration;
			buildSettings = {
				ALWAYS_SEARCH_USER_PATHS = NO;
				ASSETCATALOG_COMPILER_GENERATE_SWIFT_ASSET_SYMBOL_EXTENSIONS = YES;
				CLANG_ANALYZER_NONNULL = YES;
				CLANG_ANALYZER_NUMBER_OBJECT_CONVERSION = YES_AGGRESSIVE;
				CLANG_CXX_LANGUAGE_STANDARD = "gnu++20";
				CLANG_ENABLE_MODULES = YES;
				CLANG_ENABLE_OBJC_ARC = YES;
				CLANG_ENABLE_OBJC_WEAK = YES;
				CLANG_WARN_BLOCK_CAPTURE_AUTORELEASING = YES;
				CLANG_WARN_BOOL_CONVERSION = YES;
				CLANG_WARN_COMMA = YES;
				CLANG_WARN_CONSTANT_CONVERSION = YES;
				CLANG_WARN_DEPRECATED_OBJC_IMPLEMENTATIONS = YES;
				CLANG_WARN_DIRECT_OBJC_ISA_USAGE = YES_ERROR;
				CLANG_WARN_DOCUMENTATION_COMMENTS = YES;
				CLANG_WARN_EMPTY_BODY = YES;
				CLANG_WARN_ENUM_CONVERSION = YES;
				CLANG_WARN_INFINITE_RECURSION = YES;
				CLANG_WARN_INT_CONVERSION = YES;
				CLANG_WARN_NON_LITERAL_NULL_CONVERSION = YES;
				CLANG_WARN_OBJC_IMPLICIT_RETAIN_SELF = YES;
				CLANG_WARN_OBJC_LITERAL_CONVERSION = YES;
				CLANG_WARN_OBJC_ROOT_CLASS = YES_ERROR;
				CLANG_WARN_QUOTED_INCLUDE_IN_FRAMEWORK_HEADER = YES;
				CLANG_WARN_RANGE_LOOP_ANALYSIS = YES;
				CLANG_WARN_STRICT_PROTOTYPES = YES;
				CLANG_WARN_SUSPICIOUS_MOVE = YES;
				CLANG_WARN_UNGUARDED_AVAILABILITY = YES_AGGRESSIVE;
				CLANG_WARN_UNREACHABLE_CODE = YES;
				CLANG_WARN__DUPLICATE_METHOD_MATCH = YES;
				COPY_PHASE_STRIP = NO;
				DEBUG_INFORMATION_FORMAT = dwarf;
				ENABLE_STRICT_OBJC_MSGSEND = YES;
				ENABLE_TESTABILITY = YES;
				ENABLE_USER_SCRIPT_SANDBOXING = YES;
				GCC_C_LANGUAGE_STANDARD = gnu17;
				GCC_DYNAMIC_NO_PIC = NO;
				GCC_NO_COMMON_BLOCKS = YES;
				GCC_OPTIMIZATION_LEVEL = 0;
				GCC_PREPROCESSOR_DEFINITIONS = (
					"DEBUG=1",
					"$(inherited)",
				);
				GCC_WARN_64_TO_32_BIT_CONVERSION = YES;
				GCC_WARN_ABOUT_RETURN_TYPE = YES_ERROR;
				GCC_WARN_UNDECLARED_SELECTOR = YES;
				GCC_WARN_UNINITIALIZED_AUTOS = YES_AGGRESSIVE;
				GCC_WARN_UNUSED_FUNCTION = YES;
				GCC_WARN_UNUSED_VARIABLE = YES;
				LOCALIZATION_PREFERS_STRING_CATALOGS = YES;
				MACOSX_DEPLOYMENT_TARGET = 26.2;
				MTL_ENABLE_DEBUG_INFO = INCLUDE_SOURCE;
				MTL_FAST_MATH = YES;
				ONLY_ACTIVE_ARCH = YES;
				SDKROOT = macosx;
				SWIFT_ACTIVE_COMPILATION_CONDITIONS = "DEBUG $(inherited)";
				SWIFT_OPTIMIZATION_LEVEL = "-Onone";
			};
			name = Debug;
		};
		6ECFED4A3059289300CEADF2 /* Release */ = {
			isa = XCBuildConfiguration;
			buildSettings = {
				ALWAYS_SEARCH_USER_PATHS = NO;
				ASSETCATALOG_COMPILER_GENERATE_SWIFT_ASSET_SYMBOL_EXTENSIONS = YES;
				CLANG_ANALYZER_NONNULL = YES;
				CLANG_ANALYZER_NUMBER_OBJECT_CONVERSION = YES_AGGRESSIVE;
				CLANG_CXX_LANGUAGE_STANDARD = "gnu++20";
				CLANG_ENABLE_MODULES = YES;
				CLANG_ENABLE_OBJC_ARC = YES;
				CLANG_ENABLE_OBJC_WEAK = YES;
				CLANG_WARN_BLOCK_CAPTURE_AUTORELEASING = YES;
				CLANG_WARN_BOOL_CONVERSION = YES;
				CLANG_WARN_COMMA = YES;
				CLANG_WARN_CONSTANT_CONVERSION = YES;
				CLANG_WARN_DEPRECATED_OBJC_IMPLEMENTATIONS = YES;
				CLANG_WARN_DIRECT_OBJC_ISA_USAGE = YES_ERROR;
				CLANG_WARN_DOCUMENTATION_COMMENTS = YES;
				CLANG_WARN_EMPTY_BODY = YES;
				CLANG_WARN_ENUM_CONVERSION = YES;
				CLANG_WARN_INFINITE_RECURSION = YES;
				CLANG_WARN_INT_CONVERSION = YES;
				CLANG_WARN_NON_LITERAL_NULL_CONVERSION = YES;
				CLANG_WARN_OBJC_IMPLICIT_RETAIN_SELF = YES;
				CLANG_WARN_OBJC_LITERAL_CONVERSION = YES;
				CLANG_WARN_OBJC_ROOT_CLASS = YES_ERROR;
				CLANG_WARN_QUOTED_INCLUDE_IN_FRAMEWORK_HEADER = YES;
				CLANG_WARN_RANGE_LOOP_ANALYSIS = YES;
				CLANG_WARN_STRICT_PROTOTYPES = YES;
				CLANG_WARN_SUSPICIOUS_MOVE = YES;
				CLANG_WARN_UNGUARDED_AVAILABILITY = YES_AGGRESSIVE;
				CLANG_WARN_UNREACHABLE_CODE = YES;
				CLANG_WARN__DUPLICATE_METHOD_MATCH = YES;
				COPY_PHASE_STRIP = NO;
				DEBUG_INFORMATION_FORMAT = "dwarf-with-dsym";
				ENABLE_NS_ASSERTIONS = NO;
				ENABLE_STRICT_OBJC_MSGSEND = YES;
				ENABLE_USER_SCRIPT_SANDBOXING = YES;
				GCC_C_LANGUAGE_STANDARD = gnu17;
				GCC_NO_COMMON_BLOCKS = YES;
				GCC_WARN_64_TO_32_BIT_CONVERSION = YES;
				GCC_WARN_ABOUT_RETURN_TYPE = YES_ERROR;
				GCC_WARN_UNDECLARED_SELECTOR = YES;
				GCC_WARN_UNINITIALIZED_AUTOS = YES_AGGRESSIVE;
				GCC_WARN_UNUSED_FUNCTION = YES;
				GCC_WARN_UNUSED_VARIABLE = YES;
				LOCALIZATION_PREFERS_STRING_CATALOGS = YES;
				MACOSX_DEPLOYMENT_TARGET = 26.2;
				MTL_ENABLE_DEBUG_INFO = NO;
				MTL_FAST_MATH = YES;
				SDKROOT = macosx;
				SWIFT_COMPILATION_MODE = wholemodule;
			};
			name = Release;
		};
		6ECFED4C3059289300CEADF2 /* Debug */ = {
			isa = XCBuildConfiguration;
			buildSettings = {
				CODE_SIGN_STYLE = Automatic;
				CURRENT_PROJECT_VERSION = 1;
				ENABLE_APP_SANDBOX = YES;
				ENABLE_HARDENED_RUNTIME = YES;
				ENABLE_USER_SELECTED_FILES = readonly;
				GENERATE_INFOPLIST_FILE = YES;
				INFOPLIST_FILE = "VerseVibe Extension/Info.plist";
				INFOPLIST_KEY_CFBundleDisplayName = "VerseVibe Extension";
				INFOPLIST_KEY_NSHumanReadableCopyright = "";
				LD_RUNPATH_SEARCH_PATHS = (
					"$(inherited)",
					"@executable_path/../Frameworks",
					"@executable_path/../../../../Frameworks",
				);
				MACOSX_DEPLOYMENT_TARGET = 10.14;
				MARKETING_VERSION = 0.9.24;
				OTHER_LDFLAGS = (
					"-framework",
					SafariServices,
				);
				PRODUCT_BUNDLE_IDENTIFIER = com.versevibe.VerseVibe.Extension;
				PRODUCT_NAME = "$(TARGET_NAME)";
				SKIP_INSTALL = YES;
				STRING_CATALOG_GENERATE_SYMBOLS = YES;
				SWIFT_APPROACHABLE_CONCURRENCY = YES;
				SWIFT_EMIT_LOC_STRINGS = YES;
				SWIFT_UPCOMING_FEATURE_MEMBER_IMPORT_VISIBILITY = YES;
				SWIFT_VERSION = 5.0;
			};
			name = Debug;
		};
		6ECFED4D3059289300CEADF2 /* Release */ = {
			isa = XCBuildConfiguration;
			buildSettings = {
				CODE_SIGN_STYLE = Automatic;
				CURRENT_PROJECT_VERSION = 1;
				ENABLE_APP_SANDBOX = YES;
				ENABLE_HARDENED_RUNTIME = YES;
				ENABLE_USER_SELECTED_FILES = readonly;
				GENERATE_INFOPLIST_FILE = YES;
				INFOPLIST_FILE = "VerseVibe Extension/Info.plist";
				INFOPLIST_KEY_CFBundleDisplayName = "VerseVibe Extension";
				INFOPLIST_KEY_NSHumanReadableCopyright = "";
				LD_RUNPATH_SEARCH_PATHS = (
					"$(inherited)",
					"@executable_path/../Frameworks",
					"@executable_path/../../../../Frameworks",
				);
				MACOSX_DEPLOYMENT_TARGET = 10.14;
				MARKETING_VERSION = 0.9.24;
				OTHER_LDFLAGS = (
					"-framework",
					SafariServices,
				);
				PRODUCT_BUNDLE_IDENTIFIER = com.versevibe.VerseVibe.Extension;
				PRODUCT_NAME = "$(TARGET_NAME)";
				SKIP_INSTALL = YES;
				STRING_CATALOG_GENERATE_SYMBOLS = YES;
				SWIFT_APPROACHABLE_CONCURRENCY = YES;
				SWIFT_EMIT_LOC_STRINGS = YES;
				SWIFT_UPCOMING_FEATURE_MEMBER_IMPORT_VISIBILITY = YES;
				SWIFT_VERSION = 5.0;
			};
			name = Release;
		};
		6ECFED503059289300CEADF2 /* Debug */ = {
			isa = XCBuildConfiguration;
			buildSettings = {
				ASSETCATALOG_COMPILER_APPICON_NAME = AppIcon;
				ASSETCATALOG_COMPILER_GLOBAL_ACCENT_COLOR_NAME = AccentColor;
				CODE_SIGN_STYLE = Automatic;
				COMBINE_HIDPI_IMAGES = YES;
				CURRENT_PROJECT_VERSION = 1;
				ENABLE_APP_SANDBOX = YES;
				ENABLE_HARDENED_RUNTIME = YES;
				ENABLE_OUTGOING_NETWORK_CONNECTIONS = YES;
				ENABLE_USER_SELECTED_FILES = readonly;
				GENERATE_INFOPLIST_FILE = YES;
				INFOPLIST_FILE = VerseVibe/Info.plist;
				INFOPLIST_KEY_CFBundleDisplayName = VerseVibe;
				INFOPLIST_KEY_NSHumanReadableCopyright = "";
				INFOPLIST_KEY_NSMainStoryboardFile = Main;
				INFOPLIST_KEY_NSPrincipalClass = NSApplication;
				LD_RUNPATH_SEARCH_PATHS = (
					"$(inherited)",
					"@executable_path/../Frameworks",
				);
				MARKETING_VERSION = 0.9.24;
				OTHER_LDFLAGS = (
					"-framework",
					SafariServices,
					"-framework",
					WebKit,
				);
				PRODUCT_BUNDLE_IDENTIFIER = com.versevibe.VerseVibe;
				PRODUCT_NAME = "$(TARGET_NAME)";
				REGISTER_APP_GROUPS = YES;
				STRING_CATALOG_GENERATE_SYMBOLS = YES;
				SWIFT_APPROACHABLE_CONCURRENCY = YES;
				SWIFT_DEFAULT_ACTOR_ISOLATION = MainActor;
				SWIFT_EMIT_LOC_STRINGS = YES;
				SWIFT_UPCOMING_FEATURE_MEMBER_IMPORT_VISIBILITY = YES;
				SWIFT_VERSION = 5.0;
			};
			name = Debug;
		};
		6ECFED513059289300CEADF2 /* Release */ = {
			isa = XCBuildConfiguration;
			buildSettings = {
				ASSETCATALOG_COMPILER_APPICON_NAME = AppIcon;
				ASSETCATALOG_COMPILER_GLOBAL_ACCENT_COLOR_NAME = AccentColor;
				CODE_SIGN_STYLE = Automatic;
				COMBINE_HIDPI_IMAGES = YES;
				CURRENT_PROJECT_VERSION = 1;
				ENABLE_APP_SANDBOX = YES;
				ENABLE_HARDENED_RUNTIME = YES;
				ENABLE_OUTGOING_NETWORK_CONNECTIONS = YES;
				ENABLE_USER_SELECTED_FILES = readonly;
				GENERATE_INFOPLIST_FILE = YES;
				INFOPLIST_FILE = VerseVibe/Info.plist;
				INFOPLIST_KEY_CFBundleDisplayName = VerseVibe;
				INFOPLIST_KEY_NSHumanReadableCopyright = "";
				INFOPLIST_KEY_NSMainStoryboardFile = Main;
				INFOPLIST_KEY_NSPrincipalClass = NSApplication;
				LD_RUNPATH_SEARCH_PATHS = (
					"$(inherited)",
					"@executable_path/../Frameworks",
				);
				MARKETING_VERSION = 0.9.24;
				OTHER_LDFLAGS = (
					"-framework",
					SafariServices,
					"-framework",
					WebKit,
				);
				PRODUCT_BUNDLE_IDENTIFIER = com.versevibe.VerseVibe;
				PRODUCT_NAME = "$(TARGET_NAME)";
				REGISTER_APP_GROUPS = YES;
				STRING_CATALOG_GENERATE_SYMBOLS = YES;
				SWIFT_APPROACHABLE_CONCURRENCY = YES;
				SWIFT_DEFAULT_ACTOR_ISOLATION = MainActor;
				SWIFT_EMIT_LOC_STRINGS = YES;
				SWIFT_UPCOMING_FEATURE_MEMBER_IMPORT_VISIBILITY = YES;
				SWIFT_VERSION = 5.0;
			};
			name = Release;
		};
/* End XCBuildConfiguration section */

/* Begin XCConfigurationList section */
		6ECFED213059289100CEADF2 /* Build configuration list for PBXProject "VerseVibe" */ = {
			isa = XCConfigurationList;
			buildConfigurations = (
				6ECFED493059289300CEADF2 /* Debug */,
				6ECFED4A3059289300CEADF2 /* Release */,
			);
			defaultConfigurationIsVisible = 0;
			defaultConfigurationName = Release;
		};
		6ECFED4B3059289300CEADF2 /* Build configuration list for PBXNativeTarget "VerseVibe Extension" */ = {
			isa = XCConfigurationList;
			buildConfigurations = (
				6ECFED4C3059289300CEADF2 /* Debug */,
				6ECFED4D3059289300CEADF2 /* Release */,
			);
			defaultConfigurationIsVisible = 0;
			defaultConfigurationName = Release;
		};
		6ECFED4F3059289300CEADF2 /* Build configuration list for PBXNativeTarget "VerseVibe" */ = {
			isa = XCConfigurationList;
			buildConfigurations = (
				6ECFED503059289300CEADF2 /* Debug */,
				6ECFED513059289300CEADF2 /* Release */,
			);
			defaultConfigurationIsVisible = 0;
			defaultConfigurationName = Release;
		};
/* End XCConfigurationList section */
	};
	rootObject = 6ECFED1E3059289100CEADF2 /* Project object */;
}
